<?xml version="1.0" encoding="utf-8"?>
<Project ToolsVersion="4.0" xmlns="http://schemas.microsoft.com/developer/msbuild/2003">
  <ItemGroup>
    <ClCompile Include="LogicLib.cpp" />
    <ClCompile Include="PacketProcessor.cpp" />
    <ClCompile Include="PacketProcessorChat.cpp" />
    <ClCompile Include="UserManager.cpp" />
    <ClCompile Include="Room.cpp">
      <Filter>Room</Filter>
    </ClCompile>
    <ClCompile Include="RoomManager.cpp">
      <Filter>Room</Filter>
    </ClCompile>
  </ItemGroup>
  <ItemGroup>
    <ClInclude Include="PacketProcessor.h" />
    <ClInclude Include="User.h" />
    <ClInclude Include="UserManager.h" />
    <ClInclude Include="Room.h">
      <Filter>Room</Filter>
    </ClInclude>
    <ClInclude Include="RoomManager.h">
      <Filter>Room</Filter>
    </ClInclude>
    <ClInclude Include="RoomTypes.h">
      <Filter>Room</Filter>
    </ClInclude>
  </ItemGroup>
  <ItemGroup>
    <Filter Include="Room">
      <UniqueIdentifier>{78246f0b-41f3-41e3-9e0d-52968f9ae32d}</UniqueIdentifier>
    </Filter>
  </ItemGroup>
</Project>